
Microsoft Visual Studio Solution File, Format Version 12.00
# Visual Studio Version 16
VisualStudioVersion = 16.0.31702.278
MinimumVisualStudioVersion = 10.0.40219.1
Project("{FAE04EC0-301F-11D3-BF4B-00C04F79EFBC}") = "Занятие 19", "Занятие 19\Занятие 19.csproj", "{153F9D08-F84B-4E4E-A037-D6938D6D1CCE}"
EndProject
Global
	GlobalSection(SolutionConfigurationPlatforms) = preSolution
		Debug|Any CPU = Debug|Any CPU
		Release|Any CPU = Release|Any CPU
	EndGlobalSection
	GlobalSection(ProjectConfigurationPlatforms) = postSolution
		{153F9D08-F84B-4E4E-A037-D6938D6D1CCE}.Debug|Any CPU.ActiveCfg = Debug|Any CPU
		{153F9D08-F84B-4E4E-A037-D6938D6D1CCE}.Debug|Any CPU.Build.0 = Debug|Any CPU
		{153F9D08-F84B-4E4E-A037-D6938D6D1CCE}.Release|Any CPU.ActiveCfg = Release|Any CPU
		{153F9D08-F84B-4E4E-A037-D6938D6D1CCE}.Release|Any CPU.Build.0 = Release|Any CPU
	EndGlobalSection
	GlobalSection(SolutionProperties) = preSolution
		HideSolutionNode = FALSE
	EndGlobalSection
	GlobalSection(ExtensibilityGlobals) = postSolution
		SolutionGuid = {16E38065-837F-4633-A0DF-72AC3C0EF6B8}
	EndGlobalSection
EndGlobal
